// !$*UTF8*$!
{
	archiveVersion = 1;
	classes = {
	};
	objectVersion = 56;
	objects = {

/* Begin PBXBuildFile section */
		BA3A6DAA297ECEFF00424994 /* AppDelegate.swift in Sources */ = {isa = PBXBuildFile; fileRef = BA3A6DA9297ECEFF00424994 /* AppDelegate.swift */; };
		BA3A6DAC297ECEFF00424994 /* SceneDelegate.swift in Sources */ = {isa = PBXBuildFile; fileRef = BA3A6DAB297ECEFF00424994 /* SceneDelegate.swift */; };
		BA3A6DB3297ECF0000424994 /* Assets.xcassets in Resources */ = {isa = PBXBuildFile; fileRef = BA3A6DB2297ECF0000424994 /* Assets.xcassets */; };
		BA3A6DB6297ECF0000424994 /* LaunchScreen.storyboard in Resources */ = {isa = PBXBuildFile; fileRef = BA3A6DB4297ECF0000424994 /* LaunchScreen.storyboard */; };
		BA3A6DC6297ED03300424994 /* Extensions.swift in Sources */ = {isa = PBXBuildFile; fileRef = BA3A6DC5297ED03300424994 /* Extensions.swift */; };
		BA3A6DC8297ED04D00424994 /* Coin.swift in Sources */ = {isa = PBXBuildFile; fileRef = BA3A6DC7297ED04D00424994 /* Coin.swift */; };
		BA3A6DCD297ED0B300424994 /* AuthViewController.swift in Sources */ = {isa = PBXBuildFile; fileRef = BA3A6DCC297ED0B300424994 /* AuthViewController.swift */; };
		BA3A6DCF297ED0BC00424994 /* AuthProtocols.swift in Sources */ = {isa = PBXBuildFile; fileRef = BA3A6DCE297ED0BC00424994 /* AuthProtocols.swift */; };
		BA3A6DD1297ED0C300424994 /* AuthPresenter.swift in Sources */ = {isa = PBXBuildFile; fileRef = BA3A6DD0297ED0C300424994 /* AuthPresenter.swift */; };
		BA3A6DD3297ED0CC00424994 /* AuthInteractor.swift in Sources */ = {isa = PBXBuildFile; fileRef = BA3A6DD2297ED0CC00424994 /* AuthInteractor.swift */; };
		BA3A6DD5297ED0D500424994 /* AuthRouter.swift in Sources */ = {isa = PBXBuildFile; fileRef = BA3A6DD4297ED0D500424994 /* AuthRouter.swift */; };
		BA3A6DD7297ED12500424994 /* CoinsViewController.swift in Sources */ = {isa = PBXBuildFile; fileRef = BA3A6DD6297ED12500424994 /* CoinsViewController.swift */; };
		BA3A6DD9297ED12D00424994 /* CoinsProtocols.swift in Sources */ = {isa = PBXBuildFile; fileRef = BA3A6DD8297ED12D00424994 /* CoinsProtocols.swift */; };
		BA3A6DDB297ED13500424994 /* CoinsPresenter.swift in Sources */ = {isa = PBXBuildFile; fileRef = BA3A6DDA297ED13500424994 /* CoinsPresenter.swift */; };
		BA3A6DDD297ED13E00424994 /* CoinsInteractor.swift in Sources */ = {isa = PBXBuildFile; fileRef = BA3A6DDC297ED13E00424994 /* CoinsInteractor.swift */; };
		BA3A6DDF297ED14600424994 /* CoinsRouter.swift in Sources */ = {isa = PBXBuildFile; fileRef = BA3A6DDE297ED14600424994 /* CoinsRouter.swift */; };
		BA3A6DE1297ED1A900424994 /* DetailCoinViewController.swift in Sources */ = {isa = PBXBuildFile; fileRef = BA3A6DE0297ED1A900424994 /* DetailCoinViewController.swift */; };
		BA3A6DE3297ED1B400424994 /* CoinProtocols.swift in Sources */ = {isa = PBXBuildFile; fileRef = BA3A6DE2297ED1B400424994 /* CoinProtocols.swift */; };
		BA3A6DE5297ED1BC00424994 /* CoinPresenter.swift in Sources */ = {isa = PBXBuildFile; fileRef = BA3A6DE4297ED1BC00424994 /* CoinPresenter.swift */; };
		BA3A6DE7297ED1C900424994 /* CoinInteractor.swift in Sources */ = {isa = PBXBuildFile; fileRef = BA3A6DE6297ED1C900424994 /* CoinInteractor.swift */; };
		BA3A6DE9297ED1D300424994 /* CoinRouter.swift in Sources */ = {isa = PBXBuildFile; fileRef = BA3A6DE8297ED1D300424994 /* CoinRouter.swift */; };
		BA3A6DEB297ED23000424994 /* TableViewCell.swift in Sources */ = {isa = PBXBuildFile; fileRef = BA3A6DEA297ED23000424994 /* TableViewCell.swift */; };
		BA42704D2983DCCE00CD5401 /* NetworkService.swift in Sources */ = {isa = PBXBuildFile; fileRef = BA42704C2983DCCE00CD5401 /* NetworkService.swift */; };
		BA42704F2983DEB700CD5401 /* NetworkDataFetcher.swift in Sources */ = {isa = PBXBuildFile; fileRef = BA42704E2983DEB700CD5401 /* NetworkDataFetcher.swift */; };
		BA4270882987D9A000CD5401 /* TableHeader.swift in Sources */ = {isa = PBXBuildFile; fileRef = BA4270872987D9A000CD5401 /* TableHeader.swift */; };
		BA42708A298BF8DC00CD5401 /* UserDefaults.swift in Sources */ = {isa = PBXBuildFile; fileRef = BA427089298BF8DC00CD5401 /* UserDefaults.swift */; };
/* End PBXBuildFile section */

/* Begin PBXFileReference section */
		BA3A6DA6297ECEFF00424994 /* CoinViewerVIPER.app */ = {isa = PBXFileReference; explicitFileType = wrapper.application; includeInIndex = 0; path = CoinViewerVIPER.app; sourceTree = BUILT_PRODUCTS_DIR; };
		BA3A6DA9297ECEFF00424994 /* AppDelegate.swift */ = {isa = PBXFileReference; lastKnownFileType = sourcecode.swift; path = AppDelegate.swift; sourceTree = "<group>"; };
		BA3A6DAB297ECEFF00424994 /* SceneDelegate.swift */ = {isa = PBXFileReference; lastKnownFileType = sourcecode.swift; path = SceneDelegate.swift; sourceTree = "<group>"; };
		BA3A6DB2297ECF0000424994 /* Assets.xcassets */ = {isa = PBXFileReference; lastKnownFileType = folder.assetcatalog; path = Assets.xcassets; sourceTree = "<group>"; };
		BA3A6DB5297ECF0000424994 /* Base */ = {isa = PBXFileReference; lastKnownFileType = file.storyboard; name = Base; path = Base.lproj/LaunchScreen.storyboard; sourceTree = "<group>"; };
		BA3A6DB7297ECF0000424994 /* Info.plist */ = {isa = PBXFileReference; lastKnownFileType = text.plist.xml; path = Info.plist; sourceTree = "<group>"; };
		BA3A6DC5297ED03300424994 /* Extensions.swift */ = {isa = PBXFileReference; lastKnownFileType = sourcecode.swift; path = Extensions.swift; sourceTree = "<group>"; };
		BA3A6DC7297ED04D00424994 /* Coin.swift */ = {isa = PBXFileReference; lastKnownFileType = sourcecode.swift; path = Coin.swift; sourceTree = "<group>"; };
		BA3A6DCC297ED0B300424994 /* AuthViewController.swift */ = {isa = PBXFileReference; lastKnownFileType = sourcecode.swift; path = AuthViewController.swift; sourceTree = "<group>"; };
		BA3A6DCE297ED0BC00424994 /* AuthProtocols.swift */ = {isa = PBXFileReference; lastKnownFileType = sourcecode.swift; path = AuthProtocols.swift; sourceTree = "<group>"; };
		BA3A6DD0297ED0C300424994 /* AuthPresenter.swift */ = {isa = PBXFileReference; lastKnownFileType = sourcecode.swift; path = AuthPresenter.swift; sourceTree = "<group>"; };
		BA3A6DD2297ED0CC00424994 /* AuthInteractor.swift */ = {isa = PBXFileReference; lastKnownFileType = sourcecode.swift; path = AuthInteractor.swift; sourceTree = "<group>"; };
		BA3A6DD4297ED0D500424994 /* AuthRouter.swift */ = {isa = PBXFileReference; lastKnownFileType = sourcecode.swift; path = AuthRouter.swift; sourceTree = "<group>"; };
		BA3A6DD6297ED12500424994 /* CoinsViewController.swift */ = {isa = PBXFileReference; lastKnownFileType = sourcecode.swift; path = CoinsViewController.swift; sourceTree = "<group>"; };
		BA3A6DD8297ED12D00424994 /* CoinsProtocols.swift */ = {isa = PBXFileReference; lastKnownFileType = sourcecode.swift; path = CoinsProtocols.swift; sourceTree = "<group>"; };
		BA3A6DDA297ED13500424994 /* CoinsPresenter.swift */ = {isa = PBXFileReference; lastKnownFileType = sourcecode.swift; path = CoinsPresenter.swift; sourceTree = "<group>"; };
		BA3A6DDC297ED13E00424994 /* CoinsInteractor.swift */ = {isa = PBXFileReference; lastKnownFileType = sourcecode.swift; path = CoinsInteractor.swift; sourceTree = "<group>"; };
		BA3A6DDE297ED14600424994 /* CoinsRouter.swift */ = {isa = PBXFileReference; lastKnownFileType = sourcecode.swift; path = CoinsRouter.swift; sourceTree = "<group>"; };
		BA3A6DE0297ED1A900424994 /* DetailCoinViewController.swift */ = {isa = PBXFileReference; lastKnownFileType = sourcecode.swift; path = DetailCoinViewController.swift; sourceTree = "<group>"; };
		BA3A6DE2297ED1B400424994 /* CoinProtocols.swift */ = {isa = PBXFileReference; lastKnownFileType = sourcecode.swift; path = CoinProtocols.swift; sourceTree = "<group>"; };
		BA3A6DE4297ED1BC00424994 /* CoinPresenter.swift */ = {isa = PBXFileReference; lastKnownFileType = sourcecode.swift; path = CoinPresenter.swift; sourceTree = "<group>"; };
		BA3A6DE6297ED1C900424994 /* CoinInteractor.swift */ = {isa = PBXFileReference; lastKnownFileType = sourcecode.swift; path = CoinInteractor.swift; sourceTree = "<group>"; };
		BA3A6DE8297ED1D300424994 /* CoinRouter.swift */ = {isa = PBXFileReference; lastKnownFileType = sourcecode.swift; path = CoinRouter.swift; sourceTree = "<group>"; };
		BA3A6DEA297ED23000424994 /* TableViewCell.swift */ = {isa = PBXFileReference; lastKnownFileType = sourcecode.swift; path = TableViewCell.swift; sourceTree = "<group>"; };
		BA42704C2983DCCE00CD5401 /* NetworkService.swift */ = {isa = PBXFileReference; lastKnownFileType = sourcecode.swift; path = NetworkService.swift; sourceTree = "<group>"; };
		BA42704E2983DEB700CD5401 /* NetworkDataFetcher.swift */ = {isa = PBXFileReference; lastKnownFileType = sourcecode.swift; path = NetworkDataFetcher.swift; sourceTree = "<group>"; };
		BA4270872987D9A000CD5401 /* TableHeader.swift */ = {isa = PBXFileReference; lastKnownFileType = sourcecode.swift; path = TableHeader.swift; sourceTree = "<group>"; };
		BA427089298BF8DC00CD5401 /* UserDefaults.swift */ = {isa = PBXFileReference; lastKnownFileType = sourcecode.swift; path = UserDefaults.swift; sourceTree = "<group>"; };
/* End PBXFileReference section */

/* Begin PBXFrameworksBuildPhase section */
		BA3A6DA3297ECEFF00424994 /* Frameworks */ = {
			isa = PBXFrameworksBuildPhase;
			buildActionMask = 2147483647;
			files = (
			);
			runOnlyForDeploymentPostprocessing = 0;
		};
/* End PBXFrameworksBuildPhase section */

/* Begin PBXGroup section */
		BA3A6D9D297ECEFF00424994 = {
			isa = PBXGroup;
			children = (
				BA3A6DA8297ECEFF00424994 /* CoinViewerVIPER */,
				BA3A6DA7297ECEFF00424994 /* Products */,
			);
			sourceTree = "<group>";
		};
		BA3A6DA7297ECEFF00424994 /* Products */ = {
			isa = PBXGroup;
			children = (
				BA3A6DA6297ECEFF00424994 /* CoinViewerVIPER.app */,
			);
			name = Products;
			sourceTree = "<group>";
		};
		BA3A6DA8297ECEFF00424994 /* CoinViewerVIPER */ = {
			isa = PBXGroup;
			children = (
				BA3A6DBD297ECFB600424994 /* Delegates */,
				BA3A6DBF297ECFD700424994 /* Common */,
				BA3A6DBE297ECFCA00424994 /* Modules */,
				BA3A6DB2297ECF0000424994 /* Assets.xcassets */,
				BA3A6DB4297ECF0000424994 /* LaunchScreen.storyboard */,
				BA3A6DB7297ECF0000424994 /* Info.plist */,
			);
			path = CoinViewerVIPER;
			sourceTree = "<group>";
		};
		BA3A6DBD297ECFB600424994 /* Delegates */ = {
			isa = PBXGroup;
			children = (
				BA3A6DA9297ECEFF00424994 /* AppDelegate.swift */,
				BA3A6DAB297ECEFF00424994 /* SceneDelegate.swift */,
			);
			path = Delegates;
			sourceTree = "<group>";
		};
		BA3A6DBE297ECFCA00424994 /* Modules */ = {
			isa = PBXGroup;
			children = (
				BA3A6DC9297ED06600424994 /* AuthVC */,
				BA3A6DCA297ED07200424994 /* CoinsVC */,
				BA3A6DCB297ED08100424994 /* DetailCoinVC */,
			);
			path = Modules;
			sourceTree = "<group>";
		};
		BA3A6DBF297ECFD700424994 /* Common */ = {
			isa = PBXGroup;
			children = (
				BA3A6DC2297ECFFB00424994 /* Entities */,
				BA3A6DC1297ECFEF00424994 /* Extensions */,
				BA3A6DC0297ECFE800424994 /* Managers */,
			);
			path = Common;
			sourceTree = "<group>";
		};
		BA3A6DC0297ECFE800424994 /* Managers */ = {
			isa = PBXGroup;
			children = (
				BA427089298BF8DC00CD5401 /* UserDefaults.swift */,
				BA42704C2983DCCE00CD5401 /* NetworkService.swift */,
				BA42704E2983DEB700CD5401 /* NetworkDataFetcher.swift */,
			);
			path = Managers;
			sourceTree = "<group>";
		};
		BA3A6DC1297ECFEF00424994 /* Extensions */ = {
			isa = PBXGroup;
			children = (
				BA3A6DC5297ED03300424994 /* Extensions.swift */,
			);
			path = Extensions;
			sourceTree = "<group>";
		};
		BA3A6DC2297ECFFB00424994 /* Entities */ = {
			isa = PBXGroup;
			children = (
				BA3A6DC7297ED04D00424994 /* Coin.swift */,
			);
			path = Entities;
			sourceTree = "<group>";
		};
		BA3A6DC9297ED06600424994 /* AuthVC */ = {
			isa = PBXGroup;
			children = (
				BA3A6DCC297ED0B300424994 /* AuthViewController.swift */,
				BA3A6DCE297ED0BC00424994 /* AuthProtocols.swift */,
				BA3A6DD0297ED0C300424994 /* AuthPresenter.swift */,
				BA3A6DD2297ED0CC00424994 /* AuthInteractor.swift */,
				BA3A6DD4297ED0D500424994 /* AuthRouter.swift */,
			);
			path = AuthVC;
			sourceTree = "<group>";
		};
		BA3A6DCA297ED07200424994 /* CoinsVC */ = {
			isa = PBXGroup;
			children = (
				BA3A6DD6297ED12500424994 /* CoinsViewController.swift */,
				BA4270872987D9A000CD5401 /* TableHeader.swift */,
				BA3A6DD8297ED12D00424994 /* CoinsProtocols.swift */,
				BA3A6DDA297ED13500424994 /* CoinsPresenter.swift */,
				BA3A6DDC297ED13E00424994 /* CoinsInteractor.swift */,
				BA3A6DDE297ED14600424994 /* CoinsRouter.swift */,
				BA3A6DEA297ED23000424994 /* TableViewCell.swift */,
			);
			path = CoinsVC;
			sourceTree = "<group>";
		};
		BA3A6DCB297ED08100424994 /* DetailCoinVC */ = {
			isa = PBXGroup;
			children = (
				BA3A6DE0297ED1A900424994 /* DetailCoinViewController.swift */,
				BA3A6DE2297ED1B400424994 /* CoinProtocols.swift */,
				BA3A6DE4297ED1BC00424994 /* CoinPresenter.swift */,
				BA3A6DE6297ED1C900424994 /* CoinInteractor.swift */,
				BA3A6DE8297ED1D300424994 /* CoinRouter.swift */,
			);
			path = DetailCoinVC;
			sourceTree = "<group>";
		};
/* End PBXGroup section */

/* Begin PBXNativeTarget section */
		BA3A6DA5297ECEFF00424994 /* CoinViewerVIPER */ = {
			isa = PBXNativeTarget;
			buildConfigurationList = BA3A6DBA297ECF0000424994 /* Build configuration list for PBXNativeTarget "CoinViewerVIPER" */;
			buildPhases = (
				BA3A6DA2297ECEFF00424994 /* Sources */,
				BA3A6DA3297ECEFF00424994 /* Frameworks */,
				BA3A6DA4297ECEFF00424994 /* Resources */,
			);
			buildRules = (
			);
			dependencies = (
			);
			name = CoinViewerVIPER;
			productName = CoinViewerVIPER;
			productReference = BA3A6DA6297ECEFF00424994 /* CoinViewerVIPER.app */;
			productType = "com.apple.product-type.application";
		};
/* End PBXNativeTarget section */

/* Begin PBXProject section */
		BA3A6D9E297ECEFF00424994 /* Project object */ = {
			isa = PBXProject;
			attributes = {
				BuildIndependentTargetsInParallel = 1;
				LastSwiftUpdateCheck = 1420;
				LastUpgradeCheck = 1420;
				TargetAttributes = {
					BA3A6DA5297ECEFF00424994 = {
						CreatedOnToolsVersion = 14.2;
					};
				};
			};
			buildConfigurationList = BA3A6DA1297ECEFF00424994 /* Build configuration list for PBXProject "CoinViewerVIPER" */;
			compatibilityVersion = "Xcode 14.0";
			developmentRegion = en;
			hasScannedForEncodings = 0;
			knownRegions = (
				en,
				Base,
			);
			mainGroup = BA3A6D9D297ECEFF00424994;
			productRefGroup = BA3A6DA7297ECEFF00424994 /* Products */;
			projectDirPath = "";
			projectRoot = "";
			targets = (
				BA3A6DA5297ECEFF00424994 /* CoinViewerVIPER */,
			);
		};
/* End PBXProject section */

/* Begin PBXResourcesBuildPhase section */
		BA3A6DA4297ECEFF00424994 /* Resources */ = {
			isa = PBXResourcesBuildPhase;
			buildActionMask = 2147483647;
			files = (
				BA3A6DB6297ECF0000424994 /* LaunchScreen.storyboard in Resources */,
				BA3A6DB3297ECF0000424994 /* Assets.xcassets in Resources */,
			);
			runOnlyForDeploymentPostprocessing = 0;
		};
/* End PBXResourcesBuildPhase section */

/* Begin PBXSourcesBuildPhase section */
		BA3A6DA2297ECEFF00424994 /* Sources */ = {
			isa = PBXSourcesBuildPhase;
			buildActionMask = 2147483647;
			files = (
				BA4270882987D9A000CD5401 /* TableHeader.swift in Sources */,
				BA42704F2983DEB700CD5401 /* NetworkDataFetcher.swift in Sources */,
				BA3A6DD1297ED0C300424994 /* AuthPresenter.swift in Sources */,
				BA3A6DE3297ED1B400424994 /* CoinProtocols.swift in Sources */,
				BA42704D2983DCCE00CD5401 /* NetworkService.swift in Sources */,
				BA3A6DD5297ED0D500424994 /* AuthRouter.swift in Sources */,
				BA3A6DAA297ECEFF00424994 /* AppDelegate.swift in Sources */,
				BA3A6DE1297ED1A900424994 /* DetailCoinViewController.swift in Sources */,
				BA3A6DAC297ECEFF00424994 /* SceneDelegate.swift in Sources */,
				BA3A6DC8297ED04D00424994 /* Coin.swift in Sources */,
				BA3A6DDB297ED13500424994 /* CoinsPresenter.swift in Sources */,
				BA3A6DDD297ED13E00424994 /* CoinsInteractor.swift in Sources */,
				BA3A6DD3297ED0CC00424994 /* AuthInteractor.swift in Sources */,
				BA3A6DDF297ED14600424994 /* CoinsRouter.swift in Sources */,
				BA3A6DEB297ED23000424994 /* TableViewCell.swift in Sources */,
				BA3A6DD7297ED12500424994 /* CoinsViewController.swift in Sources */,
				BA3A6DD9297ED12D00424994 /* CoinsProtocols.swift in Sources */,
				BA3A6DCD297ED0B300424994 /* AuthViewController.swift in Sources */,
				BA3A6DE5297ED1BC00424994 /* CoinPresenter.swift in Sources */,
				BA3A6DCF297ED0BC00424994 /* AuthProtocols.swift in Sources */,
				BA42708A298BF8DC00CD5401 /* UserDefaults.swift in Sources */,
				BA3A6DE9297ED1D300424994 /* CoinRouter.swift in Sources */,
				BA3A6DE7297ED1C900424994 /* CoinInteractor.swift in Sources */,
				BA3A6DC6297ED03300424994 /* Extensions.swift in Sources */,
			);
			runOnlyForDeploymentPostprocessing = 0;
		};
/* End PBXSourcesBuildPhase section */

/* Begin PBXVariantGroup section */
		BA3A6DB4297ECF0000424994 /* LaunchScreen.storyboard */ = {
			isa = PBXVariantGroup;
			children = (
				BA3A6DB5297ECF0000424994 /* Base */,
			);
			name = LaunchScreen.storyboard;
			sourceTree = "<group>";
		};
/* End PBXVariantGroup section */

/* Begin XCBuildConfiguration section */
		BA3A6DB8297ECF0000424994 /* Debug */ = {
			isa = XCBuildConfiguration;
			buildSettings = {
				ALWAYS_SEARCH_USER_PATHS = NO;
				CLANG_ANALYZER_NONNULL = YES;
				CLANG_ANALYZER_NUMBER_OBJECT_CONVERSION = YES_AGGRESSIVE;
				CLANG_CXX_LANGUAGE_STANDARD = "gnu++20";
				CLANG_ENABLE_MODULES = YES;
				CLANG_ENABLE_OBJC_ARC = YES;
				CLANG_ENABLE_OBJC_WEAK = YES;
				CLANG_WARN_BLOCK_CAPTURE_AUTORELEASING = YES;
				CLANG_WARN_BOOL_CONVERSION = YES;
				CLANG_WARN_COMMA = YES;
				CLANG_WARN_CONSTANT_CONVERSION = YES;
				CLANG_WARN_DEPRECATED_OBJC_IMPLEMENTATIONS = YES;
				CLANG_WARN_DIRECT_OBJC_ISA_USAGE = YES_ERROR;
				CLANG_WARN_DOCUMENTATION_COMMENTS = YES;
				CLANG_WARN_EMPTY_BODY = YES;
				CLANG_WARN_ENUM_CONVERSION = YES;
				CLANG_WARN_INFINITE_RECURSION = YES;
				CLANG_WARN_INT_CONVERSION = YES;
				CLANG_WARN_NON_LITERAL_NULL_CONVERSION = YES;
				CLANG_WARN_OBJC_IMPLICIT_RETAIN_SELF = YES;
				CLANG_WARN_OBJC_LITERAL_CONVERSION = YES;
				CLANG_WARN_OBJC_ROOT_CLASS = YES_ERROR;
				CLANG_WARN_QUOTED_INCLUDE_IN_FRAMEWORK_HEADER = YES;
				CLANG_WARN_RANGE_LOOP_ANALYSIS = YES;
				CLANG_WARN_STRICT_PROTOTYPES = YES;
				CLANG_WARN_SUSPICIOUS_MOVE = YES;
				CLANG_WARN_UNGUARDED_AVAILABILITY = YES_AGGRESSIVE;
				CLANG_WARN_UNREACHABLE_CODE = YES;
				CLANG_WARN__DUPLICATE_METHOD_MATCH = YES;
				COPY_PHASE_STRIP = NO;
				DEBUG_INFORMATION_FORMAT = dwarf;
				ENABLE_STRICT_OBJC_MSGSEND = YES;
				ENABLE_TESTABILITY = YES;
				GCC_C_LANGUAGE_STANDARD = gnu11;
				GCC_DYNAMIC_NO_PIC = NO;
				GCC_NO_COMMON_BLOCKS = YES;
				GCC_OPTIMIZATION_LEVEL = 0;
				GCC_PREPROCESSOR_DEFINITIONS = (
					"DEBUG=1",
					"$(inherited)",
				);
				GCC_WARN_64_TO_32_BIT_CONVERSION = YES;
				GCC_WARN_ABOUT_RETURN_TYPE = YES_ERROR;
				GCC_WARN_UNDECLARED_SELECTOR = YES;
				GCC_WARN_UNINITIALIZED_AUTOS = YES_AGGRESSIVE;
				GCC_WARN_UNUSED_FUNCTION = YES;
				GCC_WARN_UNUSED_VARIABLE = YES;
				IPHONEOS_DEPLOYMENT_TARGET = 15.0;
				MTL_ENABLE_DEBUG_INFO = INCLUDE_SOURCE;
				MTL_FAST_MATH = YES;
				ONLY_ACTIVE_ARCH = YES;
				SDKROOT = iphoneos;
				SWIFT_ACTIVE_COMPILATION_CONDITIONS = DEBUG;
				SWIFT_OPTIMIZATION_LEVEL = "-Onone";
			};
			name = Debug;
		};
		BA3A6DB9297ECF0000424994 /* Release */ = {
			isa = XCBuildConfiguration;
			buildSettings = {
				ALWAYS_SEARCH_USER_PATHS = NO;
				CLANG_ANALYZER_NONNULL = YES;
				CLANG_ANALYZER_NUMBER_OBJECT_CONVERSION = YES_AGGRESSIVE;
				CLANG_CXX_LANGUAGE_STANDARD = "gnu++20";
				CLANG_ENABLE_MODULES = YES;
				CLANG_ENABLE_OBJC_ARC = YES;
				CLANG_ENABLE_OBJC_WEAK = YES;
				CLANG_WARN_BLOCK_CAPTURE_AUTORELEASING = YES;
				CLANG_WARN_BOOL_CONVERSION = YES;
				CLANG_WARN_COMMA = YES;
				CLANG_WARN_CONSTANT_CONVERSION = YES;
				CLANG_WARN_DEPRECATED_OBJC_IMPLEMENTATIONS = YES;
				CLANG_WARN_DIRECT_OBJC_ISA_USAGE = YES_ERROR;
				CLANG_WARN_DOCUMENTATION_COMMENTS = YES;
				CLANG_WARN_EMPTY_BODY = YES;
				CLANG_WARN_ENUM_CONVERSION = YES;
				CLANG_WARN_INFINITE_RECURSION = YES;
				CLANG_WARN_INT_CONVERSION = YES;
				CLANG_WARN_NON_LITERAL_NULL_CONVERSION = YES;
				CLANG_WARN_OBJC_IMPLICIT_RETAIN_SELF = YES;
				CLANG_WARN_OBJC_LITERAL_CONVERSION = YES;
				CLANG_WARN_OBJC_ROOT_CLASS = YES_ERROR;
				CLANG_WARN_QUOTED_INCLUDE_IN_FRAMEWORK_HEADER = YES;
				CLANG_WARN_RANGE_LOOP_ANALYSIS = YES;
				CLANG_WARN_STRICT_PROTOTYPES = YES;
				CLANG_WARN_SUSPICIOUS_MOVE = YES;
				CLANG_WARN_UNGUARDED_AVAILABILITY = YES_AGGRESSIVE;
				CLANG_WARN_UNREACHABLE_CODE = YES;
				CLANG_WARN__DUPLICATE_METHOD_MATCH = YES;
				COPY_PHASE_STRIP = NO;
				DEBUG_INFORMATION_FORMAT = "dwarf-with-dsym";
				ENABLE_NS_ASSERTIONS = NO;
				ENABLE_STRICT_OBJC_MSGSEND = YES;
				GCC_C_LANGUAGE_STANDARD = gnu11;
				GCC_NO_COMMON_BLOCKS = YES;
				GCC_WARN_64_TO_32_BIT_CONVERSION = YES;
				GCC_WARN_ABOUT_RETURN_TYPE = YES_ERROR;
				GCC_WARN_UNDECLARED_SELECTOR = YES;
				GCC_WARN_UNINITIALIZED_AUTOS = YES_AGGRESSIVE;
				GCC_WARN_UNUSED_FUNCTION = YES;
				GCC_WARN_UNUSED_VARIABLE = YES;
				IPHONEOS_DEPLOYMENT_TARGET = 15.0;
				MTL_ENABLE_DEBUG_INFO = NO;
				MTL_FAST_MATH = YES;
				SDKROOT = iphoneos;
				SWIFT_COMPILATION_MODE = wholemodule;
				SWIFT_OPTIMIZATION_LEVEL = "-O";
				VALIDATE_PRODUCT = YES;
			};
			name = Release;
		};
		BA3A6DBB297ECF0000424994 /* Debug */ = {
			isa = XCBuildConfiguration;
			buildSettings = {
				ASSETCATALOG_COMPILER_APPICON_NAME = AppIcon;
				ASSETCATALOG_COMPILER_GLOBAL_ACCENT_COLOR_NAME = AccentColor;
				CODE_SIGN_STYLE = Automatic;
				CURRENT_PROJECT_VERSION = 1;
				DEVELOPMENT_TEAM = ZYA49Z9NMV;
				GENERATE_INFOPLIST_FILE = YES;
				INFOPLIST_FILE = CoinViewerVIPER/Info.plist;
				INFOPLIST_KEY_UIApplicationSupportsIndirectInputEvents = YES;
				INFOPLIST_KEY_UILaunchStoryboardName = LaunchScreen;
				INFOPLIST_KEY_UIMainStoryboardFile = "";
				INFOPLIST_KEY_UISupportedInterfaceOrientations = "UIInterfaceOrientationLandscapeLeft UIInterfaceOrientationLandscapeRight UIInterfaceOrientationPortrait";
				INFOPLIST_KEY_UIUserInterfaceStyle = Light;
				IPHONEOS_DEPLOYMENT_TARGET = 15.0;
				LD_RUNPATH_SEARCH_PATHS = (
					"$(inherited)",
					"@executable_path/Frameworks",
				);
				MARKETING_VERSION = 1.0;
				PRODUCT_BUNDLE_IDENTIFIER = Pavlomat.CoinViewerVIPER;
				PRODUCT_NAME = "$(TARGET_NAME)";
				SWIFT_EMIT_LOC_STRINGS = YES;
				SWIFT_VERSION = 5.0;
				TARGETED_DEVICE_FAMILY = "1,2";
			};
			name = Debug;
		};
		BA3A6DBC297ECF0000424994 /* Release */ = {
			isa = XCBuildConfiguration;
			buildSettings = {
				ASSETCATALOG_COMPILER_APPICON_NAME = AppIcon;
				ASSETCATALOG_COMPILER_GLOBAL_ACCENT_COLOR_NAME = AccentColor;
				CODE_SIGN_STYLE = Automatic;
				CURRENT_PROJECT_VERSION = 1;
				DEVELOPMENT_TEAM = ZYA49Z9NMV;
				GENERATE_INFOPLIST_FILE = YES;
				INFOPLIST_FILE = CoinViewerVIPER/Info.plist;
				INFOPLIST_KEY_UIApplicationSupportsIndirectInputEvents = YES;
				INFOPLIST_KEY_UILaunchStoryboardName = LaunchScreen;
				INFOPLIST_KEY_UIMainStoryboardFile = "";
				INFOPLIST_KEY_UISupportedInterfaceOrientations = "UIInterfaceOrientationLandscapeLeft UIInterfaceOrientationLandscapeRight UIInterfaceOrientationPortrait";
				INFOPLIST_KEY_UIUserInterfaceStyle = Light;
				IPHONEOS_DEPLOYMENT_TARGET = 15.0;
				LD_RUNPATH_SEARCH_PATHS = (
					"$(inherited)",
					"@executable_path/Frameworks",
				);
				MARKETING_VERSION = 1.0;
				PRODUCT_BUNDLE_IDENTIFIER = Pavlomat.CoinViewerVIPER;
				PRODUCT_NAME = "$(TARGET_NAME)";
				SWIFT_EMIT_LOC_STRINGS = YES;
				SWIFT_VERSION = 5.0;
				TARGETED_DEVICE_FAMILY = "1,2";
			};
			name = Release;
		};
/* End XCBuildConfiguration section */

/* Begin XCConfigurationList section */
		BA3A6DA1297ECEFF00424994 /* Build configuration list for PBXProject "CoinViewerVIPER" */ = {
			isa = XCConfigurationList;
			buildConfigurations = (
				BA3A6DB8297ECF0000424994 /* Debug */,
				BA3A6DB9297ECF0000424994 /* Release */,
			);
			defaultConfigurationIsVisible = 0;
			defaultConfigurationName = Release;
		};
		BA3A6DBA297ECF0000424994 /* Build configuration list for PBXNativeTarget "CoinViewerVIPER" */ = {
			isa = XCConfigurationList;
			buildConfigurations = (
				BA3A6DBB297ECF0000424994 /* Debug */,
				BA3A6DBC297ECF0000424994 /* Release */,
			);
			defaultConfigurationIsVisible = 0;
			defaultConfigurationName = Release;
		};
/* End XCConfigurationList section */
	};
	rootObject = BA3A6D9E297ECEFF00424994 /* Project object */;
}
